
Microsoft Visual Studio Solution File, Format Version 12.00
# Visual Studio Version 17
VisualStudioVersion = 17.8.34511.84
MinimumVisualStudioVersion = 10.0.40219.1
Project("{9A19103F-16F7-4668-BE54-9A1E7A4F7556}") = "UKPO_2", "UKPO_2\UKPO_2.csproj", "{0AFA9445-6D48-405D-A095-6A31EB60FEA0}"
EndProject
Project("{8BC9CEB8-8B4A-11D0-8D11-00A0C91BC942}") = "UKPO_1", "UKPO_1\UKPO_1.vcxproj", "{5AE65DD0-ABF6-4077-B880-404F7C45C6F2}"
EndProject
Project("{9A19103F-16F7-4668-BE54-9A1E7A4F7556}") = "UKPO_3", "UKPO_3\UKPO_3.csproj", "{B29C59C7-D860-412A-8A9E-987E44638348}"
EndProject
Project("{9A19103F-16F7-4668-BE54-9A1E7A4F7556}") = "UKPO_4", "UKPO_4\UKPO_4.csproj", "{AD8B45F3-8783-4A63-9DC9-D1DEE4122284}"
EndProject
Project("{9A19103F-16F7-4668-BE54-9A1E7A4F7556}") = "UKPO_5", "UKPO_5\UKPO_5.csproj", "{0099AD69-4292-4ABC-941B-B81419DED77F}"
EndProject
Project("{9A19103F-16F7-4668-BE54-9A1E7A4F7556}") = "UKPO_6", "UKPO_6\UKPO_6.csproj", "{1DC6B38F-221E-4507-85B5-C97C3D546D08}"
EndProject
Project("{9A19103F-16F7-4668-BE54-9A1E7A4F7556}") = "UKPO_7", "UKPO_7\UKPO_7.csproj", "{2D834FC8-0750-4411-A282-70A92F7B2176}"
EndProject
Project("{FAE04EC0-301F-11D3-BF4B-00C04F79EFBC}") = "UKPO_8", "UKPO_8\UKPO_8.csproj", "{A47DF12E-179B-4538-A346-48CFD512FC8F}"
EndProject
Global
	GlobalSection(SolutionConfigurationPlatforms) = preSolution
		Debug|Any CPU = Debug|Any CPU
		Debug|x64 = Debug|x64
		Debug|x86 = Debug|x86
		Release|Any CPU = Release|Any CPU
		Release|x64 = Release|x64
		Release|x86 = Release|x86
	EndGlobalSection
	GlobalSection(ProjectConfigurationPlatforms) = postSolution
		{0AFA9445-6D48-405D-A095-6A31EB60FEA0}.Debug|Any CPU.ActiveCfg = Debug|Any CPU
		{0AFA9445-6D48-405D-A095-6A31EB60FEA0}.Debug|Any CPU.Build.0 = Debug|Any CPU
		{0AFA9445-6D48-405D-A095-6A31EB60FEA0}.Debug|x64.ActiveCfg = Debug|Any CPU
		{0AFA9445-6D48-405D-A095-6A31EB60FEA0}.Debug|x64.Build.0 = Debug|Any CPU
		{0AFA9445-6D48-405D-A095-6A31EB60FEA0}.Debug|x86.ActiveCfg = Debug|Any CPU
		{0AFA9445-6D48-405D-A095-6A31EB60FEA0}.Debug|x86.Build.0 = Debug|Any CPU
		{0AFA9445-6D48-405D-A095-6A31EB60FEA0}.Release|Any CPU.ActiveCfg = Release|Any CPU
		{0AFA9445-6D48-405D-A095-6A31EB60FEA0}.Release|Any CPU.Build.0 = Release|Any CPU
		{0AFA9445-6D48-405D-A095-6A31EB60FEA0}.Release|x64.ActiveCfg = Release|Any CPU
		{0AFA9445-6D48-405D-A095-6A31EB60FEA0}.Release|x64.Build.0 = Release|Any CPU
		{0AFA9445-6D48-405D-A095-6A31EB60FEA0}.Release|x86.ActiveCfg = Release|Any CPU
		{0AFA9445-6D48-405D-A095-6A31EB60FEA0}.Release|x86.Build.0 = Release|Any CPU
		{5AE65DD0-ABF6-4077-B880-404F7C45C6F2}.Debug|Any CPU.ActiveCfg = Debug|x64
		{5AE65DD0-ABF6-4077-B880-404F7C45C6F2}.Debug|Any CPU.Build.0 = Debug|x64
		{5AE65DD0-ABF6-4077-B880-404F7C45C6F2}.Debug|x64.ActiveCfg = Debug|x64
		{5AE65DD0-ABF6-4077-B880-404F7C45C6F2}.Debug|x64.Build.0 = Debug|x64
		{5AE65DD0-ABF6-4077-B880-404F7C45C6F2}.Debug|x86.ActiveCfg = Debug|Win32
		{5AE65DD0-ABF6-4077-B880-404F7C45C6F2}.Debug|x86.Build.0 = Debug|Win32
		{5AE65DD0-ABF6-4077-B880-404F7C45C6F2}.Release|Any CPU.ActiveCfg = Release|x64
		{5AE65DD0-ABF6-4077-B880-404F7C45C6F2}.Release|Any CPU.Build.0 = Release|x64
		{5AE65DD0-ABF6-4077-B880-404F7C45C6F2}.Release|x64.ActiveCfg = Release|x64
		{5AE65DD0-ABF6-4077-B880-404F7C45C6F2}.Release|x64.Build.0 = Release|x64
		{5AE65DD0-ABF6-4077-B880-404F7C45C6F2}.Release|x86.ActiveCfg = Release|Win32
		{5AE65DD0-ABF6-4077-B880-404F7C45C6F2}.Release|x86.Build.0 = Release|Win32
		{B29C59C7-D860-412A-8A9E-987E44638348}.Debug|Any CPU.ActiveCfg = Debug|Any CPU
		{B29C59C7-D860-412A-8A9E-987E44638348}.Debug|Any CPU.Build.0 = Debug|Any CPU
		{B29C59C7-D860-412A-8A9E-987E44638348}.Debug|x64.ActiveCfg = Debug|Any CPU
		{B29C59C7-D860-412A-8A9E-987E44638348}.Debug|x64.Build.0 = Debug|Any CPU
		{B29C59C7-D860-412A-8A9E-987E44638348}.Debug|x86.ActiveCfg = Debug|Any CPU
		{B29C59C7-D860-412A-8A9E-987E44638348}.Debug|x86.Build.0 = Debug|Any CPU
		{B29C59C7-D860-412A-8A9E-987E44638348}.Release|Any CPU.ActiveCfg = Release|Any CPU
		{B29C59C7-D860-412A-8A9E-987E44638348}.Release|Any CPU.Build.0 = Release|Any CPU
		{B29C59C7-D860-412A-8A9E-987E44638348}.Release|x64.ActiveCfg = Release|Any CPU
		{B29C59C7-D860-412A-8A9E-987E44638348}.Release|x64.Build.0 = Release|Any CPU
		{B29C59C7-D860-412A-8A9E-987E44638348}.Release|x86.ActiveCfg = Release|Any CPU
		{B29C59C7-D860-412A-8A9E-987E44638348}.Release|x86.Build.0 = Release|Any CPU
		{AD8B45F3-8783-4A63-9DC9-D1DEE4122284}.Debug|Any CPU.ActiveCfg = Debug|Any CPU
		{AD8B45F3-8783-4A63-9DC9-D1DEE4122284}.Debug|Any CPU.Build.0 = Debug|Any CPU
		{AD8B45F3-8783-4A63-9DC9-D1DEE4122284}.Debug|x64.ActiveCfg = Debug|Any CPU
		{AD8B45F3-8783-4A63-9DC9-D1DEE4122284}.Debug|x64.Build.0 = Debug|Any CPU
		{AD8B45F3-8783-4A63-9DC9-D1DEE4122284}.Debug|x86.ActiveCfg = Debug|Any CPU
		{AD8B45F3-8783-4A63-9DC9-D1DEE4122284}.Debug|x86.Build.0 = Debug|Any CPU
		{AD8B45F3-8783-4A63-9DC9-D1DEE4122284}.Release|Any CPU.ActiveCfg = Release|Any CPU
		{AD8B45F3-8783-4A63-9DC9-D1DEE4122284}.Release|Any CPU.Build.0 = Release|Any CPU
		{AD8B45F3-8783-4A63-9DC9-D1DEE4122284}.Release|x64.ActiveCfg = Release|Any CPU
		{AD8B45F3-8783-4A63-9DC9-D1DEE4122284}.Release|x64.Build.0 = Release|Any CPU
		{AD8B45F3-8783-4A63-9DC9-D1DEE4122284}.Release|x86.ActiveCfg = Release|Any CPU
		{AD8B45F3-8783-4A63-9DC9-D1DEE4122284}.Release|x86.Build.0 = Release|Any CPU
		{0099AD69-4292-4ABC-941B-B81419DED77F}.Debug|Any CPU.ActiveCfg = Debug|Any CPU
		{0099AD69-4292-4ABC-941B-B81419DED77F}.Debug|Any CPU.Build.0 = Debug|Any CPU
		{0099AD69-4292-4ABC-941B-B81419DED77F}.Debug|x64.ActiveCfg = Debug|Any CPU
		{0099AD69-4292-4ABC-941B-B81419DED77F}.Debug|x64.Build.0 = Debug|Any CPU
		{0099AD69-4292-4ABC-941B-B81419DED77F}.Debug|x86.ActiveCfg = Debug|Any CPU
		{0099AD69-4292-4ABC-941B-B81419DED77F}.Debug|x86.Build.0 = Debug|Any CPU
		{0099AD69-4292-4ABC-941B-B81419DED77F}.Release|Any CPU.ActiveCfg = Release|Any CPU
		{0099AD69-4292-4ABC-941B-B81419DED77F}.Release|Any CPU.Build.0 = Release|Any CPU
		{0099AD69-4292-4ABC-941B-B81419DED77F}.Release|x64.ActiveCfg = Release|Any CPU
		{0099AD69-4292-4ABC-941B-B81419DED77F}.Release|x64.Build.0 = Release|Any CPU
		{0099AD69-4292-4ABC-941B-B81419DED77F}.Release|x86.ActiveCfg = Release|Any CPU
		{0099AD69-4292-4ABC-941B-B81419DED77F}.Release|x86.Build.0 = Release|Any CPU
		{1DC6B38F-221E-4507-85B5-C97C3D546D08}.Debug|Any CPU.ActiveCfg = Debug|Any CPU
		{1DC6B38F-221E-4507-85B5-C97C3D546D08}.Debug|Any CPU.Build.0 = Debug|Any CPU
		{1DC6B38F-221E-4507-85B5-C97C3D546D08}.Debug|x64.ActiveCfg = Debug|Any CPU
		{1DC6B38F-221E-4507-85B5-C97C3D546D08}.Debug|x64.Build.0 = Debug|Any CPU
		{1DC6B38F-221E-4507-85B5-C97C3D546D08}.Debug|x86.ActiveCfg = Debug|Any CPU
		{1DC6B38F-221E-4507-85B5-C97C3D546D08}.Debug|x86.Build.0 = Debug|Any CPU
		{1DC6B38F-221E-4507-85B5-C97C3D546D08}.Release|Any CPU.ActiveCfg = Release|Any CPU
		{1DC6B38F-221E-4507-85B5-C97C3D546D08}.Release|Any CPU.Build.0 = Release|Any CPU
		{1DC6B38F-221E-4507-85B5-C97C3D546D08}.Release|x64.ActiveCfg = Release|Any CPU
		{1DC6B38F-221E-4507-85B5-C97C3D546D08}.Release|x64.Build.0 = Release|Any CPU
		{1DC6B38F-221E-4507-85B5-C97C3D546D08}.Release|x86.ActiveCfg = Release|Any CPU
		{1DC6B38F-221E-4507-85B5-C97C3D546D08}.Release|x86.Build.0 = Release|Any CPU
		{2D834FC8-0750-4411-A282-70A92F7B2176}.Debug|Any CPU.ActiveCfg = Debug|Any CPU
		{2D834FC8-0750-4411-A282-70A92F7B2176}.Debug|Any CPU.Build.0 = Debug|Any CPU
		{2D834FC8-0750-4411-A282-70A92F7B2176}.Debug|x64.ActiveCfg = Debug|Any CPU
		{2D834FC8-0750-4411-A282-70A92F7B2176}.Debug|x64.Build.0 = Debug|Any CPU
		{2D834FC8-0750-4411-A282-70A92F7B2176}.Debug|x86.ActiveCfg = Debug|Any CPU
		{2D834FC8-0750-4411-A282-70A92F7B2176}.Debug|x86.Build.0 = Debug|Any CPU
		{2D834FC8-0750-4411-A282-70A92F7B2176}.Release|Any CPU.ActiveCfg = Release|Any CPU
		{2D834FC8-0750-4411-A282-70A92F7B2176}.Release|Any CPU.Build.0 = Release|Any CPU
		{2D834FC8-0750-4411-A282-70A92F7B2176}.Release|x64.ActiveCfg = Release|Any CPU
		{2D834FC8-0750-4411-A282-70A92F7B2176}.Release|x64.Build.0 = Release|Any CPU
		{2D834FC8-0750-4411-A282-70A92F7B2176}.Release|x86.ActiveCfg = Release|Any CPU
		{2D834FC8-0750-4411-A282-70A92F7B2176}.Release|x86.Build.0 = Release|Any CPU
		{A47DF12E-179B-4538-A346-48CFD512FC8F}.Debug|Any CPU.ActiveCfg = Debug|Any CPU
		{A47DF12E-179B-4538-A346-48CFD512FC8F}.Debug|Any CPU.Build.0 = Debug|Any CPU
		{A47DF12E-179B-4538-A346-48CFD512FC8F}.Debug|x64.ActiveCfg = Debug|Any CPU
		{A47DF12E-179B-4538-A346-48CFD512FC8F}.Debug|x64.Build.0 = Debug|Any CPU
		{A47DF12E-179B-4538-A346-48CFD512FC8F}.Debug|x86.ActiveCfg = Debug|Any CPU
		{A47DF12E-179B-4538-A346-48CFD512FC8F}.Debug|x86.Build.0 = Debug|Any CPU
		{A47DF12E-179B-4538-A346-48CFD512FC8F}.Release|Any CPU.ActiveCfg = Release|Any CPU
		{A47DF12E-179B-4538-A346-48CFD512FC8F}.Release|Any CPU.Build.0 = Release|Any CPU
		{A47DF12E-179B-4538-A346-48CFD512FC8F}.Release|x64.ActiveCfg = Release|Any CPU
		{A47DF12E-179B-4538-A346-48CFD512FC8F}.Release|x64.Build.0 = Release|Any CPU
		{A47DF12E-179B-4538-A346-48CFD512FC8F}.Release|x86.ActiveCfg = Release|Any CPU
		{A47DF12E-179B-4538-A346-48CFD512FC8F}.Release|x86.Build.0 = Release|Any CPU
	EndGlobalSection
	GlobalSection(SolutionProperties) = preSolution
		HideSolutionNode = FALSE
	EndGlobalSection
	GlobalSection(ExtensibilityGlobals) = postSolution
		SolutionGuid = {94F386B8-0312-4F60-8DEC-8DE6209C4AD5}
	EndGlobalSection
EndGlobal
